// !$*UTF8*$!
{
	archiveVersion = 1;
	classes = {
	};
	objectVersion = 50;
	objects = {

/* Begin PBXBuildFile section */
		CE934D9226BB36D60013D899 /* AppDelegate.swift in Sources */ = {isa = PBXBuildFile; fileRef = CE934D9126BB36D60013D899 /* AppDelegate.swift */; };
		CE934D9426BB36D60013D899 /* SceneDelegate.swift in Sources */ = {isa = PBXBuildFile; fileRef = CE934D9326BB36D60013D899 /* SceneDelegate.swift */; };
		CE934D9926BB36D60013D899 /* Main.storyboard in Resources */ = {isa = PBXBuildFile; fileRef = CE934D9726BB36D60013D899 /* Main.storyboard */; };
		CE934D9B26BB36D70013D899 /* Assets.xcassets in Resources */ = {isa = PBXBuildFile; fileRef = CE934D9A26BB36D70013D899 /* Assets.xcassets */; };
		CE934D9E26BB36D70013D899 /* LaunchScreen.storyboard in Resources */ = {isa = PBXBuildFile; fileRef = CE934D9C26BB36D70013D899 /* LaunchScreen.storyboard */; };
		CE934DAE26BB37A40013D899 /* Drink.swift in Sources */ = {isa = PBXBuildFile; fileRef = CE934DAD26BB37A40013D899 /* Drink.swift */; };
		CE934DB726BB4DC10013D899 /* DrinkController.swift in Sources */ = {isa = PBXBuildFile; fileRef = CE934DB626BB4DC10013D899 /* DrinkController.swift */; };
		CE934DB926BB500B0013D899 /* DrinkError.swift in Sources */ = {isa = PBXBuildFile; fileRef = CE934DB826BB500B0013D899 /* DrinkError.swift */; };
		CE934DF226BC96E60013D899 /* DrinkViewController.swift in Sources */ = {isa = PBXBuildFile; fileRef = CE934DF126BC96E60013D899 /* DrinkViewController.swift */; };
		CE934DF426BC9D670013D899 /* Extensions.swift in Sources */ = {isa = PBXBuildFile; fileRef = CE934DF326BC9D670013D899 /* Extensions.swift */; };
/* End PBXBuildFile section */

/* Begin PBXFileReference section */
		CE934D8E26BB36D60013D899 /* SeachCocktails.app */ = {isa = PBXFileReference; explicitFileType = wrapper.application; includeInIndex = 0; path = SeachCocktails.app; sourceTree = BUILT_PRODUCTS_DIR; };
		CE934D9126BB36D60013D899 /* AppDelegate.swift */ = {isa = PBXFileReference; lastKnownFileType = sourcecode.swift; path = AppDelegate.swift; sourceTree = "<group>"; };
		CE934D9326BB36D60013D899 /* SceneDelegate.swift */ = {isa = PBXFileReference; lastKnownFileType = sourcecode.swift; path = SceneDelegate.swift; sourceTree = "<group>"; };
		CE934D9826BB36D60013D899 /* Base */ = {isa = PBXFileReference; lastKnownFileType = file.storyboard; name = Base; path = Base.lproj/Main.storyboard; sourceTree = "<group>"; };
		CE934D9A26BB36D70013D899 /* Assets.xcassets */ = {isa = PBXFileReference; lastKnownFileType = folder.assetcatalog; path = Assets.xcassets; sourceTree = "<group>"; };
		CE934D9D26BB36D70013D899 /* Base */ = {isa = PBXFileReference; lastKnownFileType = file.storyboard; name = Base; path = Base.lproj/LaunchScreen.storyboard; sourceTree = "<group>"; };
		CE934D9F26BB36D70013D899 /* Info.plist */ = {isa = PBXFileReference; lastKnownFileType = text.plist.xml; path = Info.plist; sourceTree = "<group>"; };
		CE934DAD26BB37A40013D899 /* Drink.swift */ = {isa = PBXFileReference; lastKnownFileType = sourcecode.swift; path = Drink.swift; sourceTree = "<group>"; };
		CE934DB626BB4DC10013D899 /* DrinkController.swift */ = {isa = PBXFileReference; lastKnownFileType = sourcecode.swift; path = DrinkController.swift; sourceTree = "<group>"; };
		CE934DB826BB500B0013D899 /* DrinkError.swift */ = {isa = PBXFileReference; lastKnownFileType = sourcecode.swift; path = DrinkError.swift; sourceTree = "<group>"; };
		CE934DF126BC96E60013D899 /* DrinkViewController.swift */ = {isa = PBXFileReference; lastKnownFileType = sourcecode.swift; path = DrinkViewController.swift; sourceTree = "<group>"; };
		CE934DF326BC9D670013D899 /* Extensions.swift */ = {isa = PBXFileReference; lastKnownFileType = sourcecode.swift; path = Extensions.swift; sourceTree = "<group>"; };
/* End PBXFileReference section */

/* Begin PBXFrameworksBuildPhase section */
		CE934D8B26BB36D60013D899 /* Frameworks */ = {
			isa = PBXFrameworksBuildPhase;
			buildActionMask = 2147483647;
			files = (
			);
			runOnlyForDeploymentPostprocessing = 0;
		};
/* End PBXFrameworksBuildPhase section */

/* Begin PBXGroup section */
		CE934D8526BB36D60013D899 = {
			isa = PBXGroup;
			children = (
				CE934D9026BB36D60013D899 /* SeachCocktails */,
				CE934D8F26BB36D60013D899 /* Products */,
			);
			sourceTree = "<group>";
		};
		CE934D8F26BB36D60013D899 /* Products */ = {
			isa = PBXGroup;
			children = (
				CE934D8E26BB36D60013D899 /* SeachCocktails.app */,
			);
			name = Products;
			sourceTree = "<group>";
		};
		CE934D9026BB36D60013D899 /* SeachCocktails */ = {
			isa = PBXGroup;
			children = (
				CE934DA926BB374F0013D899 /* Models */,
				CE934DA826BB37480013D899 /* Controllers */,
				CE934DA726BB37400013D899 /* Views */,
				CE934DA626BB37070013D899 /* Helpers+Extensions */,
				CE934DA526BB36E80013D899 /* Resources */,
			);
			path = SeachCocktails;
			sourceTree = "<group>";
		};
		CE934DA526BB36E80013D899 /* Resources */ = {
			isa = PBXGroup;
			children = (
				CE934D9126BB36D60013D899 /* AppDelegate.swift */,
				CE934D9326BB36D60013D899 /* SceneDelegate.swift */,
				CE934D9A26BB36D70013D899 /* Assets.xcassets */,
				CE934D9F26BB36D70013D899 /* Info.plist */,
			);
			path = Resources;
			sourceTree = "<group>";
		};
		CE934DA626BB37070013D899 /* Helpers+Extensions */ = {
			isa = PBXGroup;
			children = (
				CE934DB826BB500B0013D899 /* DrinkError.swift */,
				CE934DF326BC9D670013D899 /* Extensions.swift */,
			);
			path = "Helpers+Extensions";
			sourceTree = "<group>";
		};
		CE934DA726BB37400013D899 /* Views */ = {
			isa = PBXGroup;
			children = (
				CE934DAA26BB37630013D899 /* Storyboard */,
			);
			path = Views;
			sourceTree = "<group>";
		};
		CE934DA826BB37480013D899 /* Controllers */ = {
			isa = PBXGroup;
			children = (
				CE934DAC26BB37830013D899 /* ModelControllers */,
				CE934DAB26BB37790013D899 /* ViewControllers */,
			);
			path = Controllers;
			sourceTree = "<group>";
		};
		CE934DA926BB374F0013D899 /* Models */ = {
			isa = PBXGroup;
			children = (
				CE934DAD26BB37A40013D899 /* Drink.swift */,
			);
			path = Models;
			sourceTree = "<group>";
		};
		CE934DAA26BB37630013D899 /* Storyboard */ = {
			isa = PBXGroup;
			children = (
				CE934D9726BB36D60013D899 /* Main.storyboard */,
				CE934D9C26BB36D70013D899 /* LaunchScreen.storyboard */,
			);
			path = Storyboard;
			sourceTree = "<group>";
		};
		CE934DAB26BB37790013D899 /* ViewControllers */ = {
			isa = PBXGroup;
			children = (
				CE934DF126BC96E60013D899 /* DrinkViewController.swift */,
			);
			path = ViewControllers;
			sourceTree = "<group>";
		};
		CE934DAC26BB37830013D899 /* ModelControllers */ = {
			isa = PBXGroup;
			children = (
				CE934DB626BB4DC10013D899 /* DrinkController.swift */,
			);
			path = ModelControllers;
			sourceTree = "<group>";
		};
/* End PBXGroup section */

/* Begin PBXNativeTarget section */
		CE934D8D26BB36D60013D899 /* SeachCocktails */ = {
			isa = PBXNativeTarget;
			buildConfigurationList = CE934DA226BB36D70013D899 /* Build configuration list for PBXNativeTarget "SeachCocktails" */;
			buildPhases = (
				CE934D8A26BB36D60013D899 /* Sources */,
				CE934D8B26BB36D60013D899 /* Frameworks */,
				CE934D8C26BB36D60013D899 /* Resources */,
			);
			buildRules = (
			);
			dependencies = (
			);
			name = SeachCocktails;
			productName = SeachCocktails;
			productReference = CE934D8E26BB36D60013D899 /* SeachCocktails.app */;
			productType = "com.apple.product-type.application";
		};
/* End PBXNativeTarget section */

/* Begin PBXProject section */
		CE934D8626BB36D60013D899 /* Project object */ = {
			isa = PBXProject;
			attributes = {
				LastSwiftUpdateCheck = 1250;
				LastUpgradeCheck = 1250;
				TargetAttributes = {
					CE934D8D26BB36D60013D899 = {
						CreatedOnToolsVersion = 12.5.1;
					};
				};
			};
			buildConfigurationList = CE934D8926BB36D60013D899 /* Build configuration list for PBXProject "SeachCocktails" */;
			compatibilityVersion = "Xcode 9.3";
			developmentRegion = en;
			hasScannedForEncodings = 0;
			knownRegions = (
				en,
				Base,
			);
			mainGroup = CE934D8526BB36D60013D899;
			productRefGroup = CE934D8F26BB36D60013D899 /* Products */;
			projectDirPath = "";
			projectRoot = "";
			targets = (
				CE934D8D26BB36D60013D899 /* SeachCocktails */,
			);
		};
/* End PBXProject section */

/* Begin PBXResourcesBuildPhase section */
		CE934D8C26BB36D60013D899 /* Resources */ = {
			isa = PBXResourcesBuildPhase;
			buildActionMask = 2147483647;
			files = (
				CE934D9E26BB36D70013D899 /* LaunchScreen.storyboard in Resources */,
				CE934D9B26BB36D70013D899 /* Assets.xcassets in Resources */,
				CE934D9926BB36D60013D899 /* Main.storyboard in Resources */,
			);
			runOnlyForDeploymentPostprocessing = 0;
		};
/* End PBXResourcesBuildPhase section */

/* Begin PBXSourcesBuildPhase section */
		CE934D8A26BB36D60013D899 /* Sources */ = {
			isa = PBXSourcesBuildPhase;
			buildActionMask = 2147483647;
			files = (
				CE934DB926BB500B0013D899 /* DrinkError.swift in Sources */,
				CE934DB726BB4DC10013D899 /* DrinkController.swift in Sources */,
				CE934D9226BB36D60013D899 /* AppDelegate.swift in Sources */,
				CE934DF226BC96E60013D899 /* DrinkViewController.swift in Sources */,
				CE934D9426BB36D60013D899 /* SceneDelegate.swift in Sources */,
				CE934DAE26BB37A40013D899 /* Drink.swift in Sources */,
				CE934DF426BC9D670013D899 /* Extensions.swift in Sources */,
			);
			runOnlyForDeploymentPostprocessing = 0;
		};
/* End PBXSourcesBuildPhase section */

/* Begin PBXVariantGroup section */
		CE934D9726BB36D60013D899 /* Main.storyboard */ = {
			isa = PBXVariantGroup;
			children = (
				CE934D9826BB36D60013D899 /* Base */,
			);
			name = Main.storyboard;
			sourceTree = "<group>";
		};
		CE934D9C26BB36D70013D899 /* LaunchScreen.storyboard */ = {
			isa = PBXVariantGroup;
			children = (
				CE934D9D26BB36D70013D899 /* Base */,
			);
			name = LaunchScreen.storyboard;
			sourceTree = "<group>";
		};
/* End PBXVariantGroup section */

/* Begin XCBuildConfiguration section */
		CE934DA026BB36D70013D899 /* Debug */ = {
			isa = XCBuildConfiguration;
			buildSettings = {
				ALWAYS_SEARCH_USER_PATHS = NO;
				CLANG_ANALYZER_NONNULL = YES;
				CLANG_ANALYZER_NUMBER_OBJECT_CONVERSION = YES_AGGRESSIVE;
				CLANG_CXX_LANGUAGE_STANDARD = "gnu++14";
				CLANG_CXX_LIBRARY = "libc++";
				CLANG_ENABLE_MODULES = YES;
				CLANG_ENABLE_OBJC_ARC = YES;
				CLANG_ENABLE_OBJC_WEAK = YES;
				CLANG_WARN_BLOCK_CAPTURE_AUTORELEASING = YES;
				CLANG_WARN_BOOL_CONVERSION = YES;
				CLANG_WARN_COMMA = YES;
				CLANG_WARN_CONSTANT_CONVERSION = YES;
				CLANG_WARN_DEPRECATED_OBJC_IMPLEMENTATIONS = YES;
				CLANG_WARN_DIRECT_OBJC_ISA_USAGE = YES_ERROR;
				CLANG_WARN_DOCUMENTATION_COMMENTS = YES;
				CLANG_WARN_EMPTY_BODY = YES;
				CLANG_WARN_ENUM_CONVERSION = YES;
				CLANG_WARN_INFINITE_RECURSION = YES;
				CLANG_WARN_INT_CONVERSION = YES;
				CLANG_WARN_NON_LITERAL_NULL_CONVERSION = YES;
				CLANG_WARN_OBJC_IMPLICIT_RETAIN_SELF = YES;
				CLANG_WARN_OBJC_LITERAL_CONVERSION = YES;
				CLANG_WARN_OBJC_ROOT_CLASS = YES_ERROR;
				CLANG_WARN_QUOTED_INCLUDE_IN_FRAMEWORK_HEADER = YES;
				CLANG_WARN_RANGE_LOOP_ANALYSIS = YES;
				CLANG_WARN_STRICT_PROTOTYPES = YES;
				CLANG_WARN_SUSPICIOUS_MOVE = YES;
				CLANG_WARN_UNGUARDED_AVAILABILITY = YES_AGGRESSIVE;
				CLANG_WARN_UNREACHABLE_CODE = YES;
				CLANG_WARN__DUPLICATE_METHOD_MATCH = YES;
				COPY_PHASE_STRIP = NO;
				DEBUG_INFORMATION_FORMAT = dwarf;
				ENABLE_STRICT_OBJC_MSGSEND = YES;
				ENABLE_TESTABILITY = YES;
				GCC_C_LANGUAGE_STANDARD = gnu11;
				GCC_DYNAMIC_NO_PIC = NO;
				GCC_NO_COMMON_BLOCKS = YES;
				GCC_OPTIMIZATION_LEVEL = 0;
				GCC_PREPROCESSOR_DEFINITIONS = (
					"DEBUG=1",
					"$(inherited)",
				);
				GCC_WARN_64_TO_32_BIT_CONVERSION = YES;
				GCC_WARN_ABOUT_RETURN_TYPE = YES_ERROR;
				GCC_WARN_UNDECLARED_SELECTOR = YES;
				GCC_WARN_UNINITIALIZED_AUTOS = YES_AGGRESSIVE;
				GCC_WARN_UNUSED_FUNCTION = YES;
				GCC_WARN_UNUSED_VARIABLE = YES;
				IPHONEOS_DEPLOYMENT_TARGET = 14.5;
				MTL_ENABLE_DEBUG_INFO = INCLUDE_SOURCE;
				MTL_FAST_MATH = YES;
				ONLY_ACTIVE_ARCH = YES;
				SDKROOT = iphoneos;
				SWIFT_ACTIVE_COMPILATION_CONDITIONS = DEBUG;
				SWIFT_OPTIMIZATION_LEVEL = "-Onone";
			};
			name = Debug;
		};
		CE934DA126BB36D70013D899 /* Release */ = {
			isa = XCBuildConfiguration;
			buildSettings = {
				ALWAYS_SEARCH_USER_PATHS = NO;
				CLANG_ANALYZER_NONNULL = YES;
				CLANG_ANALYZER_NUMBER_OBJECT_CONVERSION = YES_AGGRESSIVE;
				CLANG_CXX_LANGUAGE_STANDARD = "gnu++14";
				CLANG_CXX_LIBRARY = "libc++";
				CLANG_ENABLE_MODULES = YES;
				CLANG_ENABLE_OBJC_ARC = YES;
				CLANG_ENABLE_OBJC_WEAK = YES;
				CLANG_WARN_BLOCK_CAPTURE_AUTORELEASING = YES;
				CLANG_WARN_BOOL_CONVERSION = YES;
				CLANG_WARN_COMMA = YES;
				CLANG_WARN_CONSTANT_CONVERSION = YES;
				CLANG_WARN_DEPRECATED_OBJC_IMPLEMENTATIONS = YES;
				CLANG_WARN_DIRECT_OBJC_ISA_USAGE = YES_ERROR;
				CLANG_WARN_DOCUMENTATION_COMMENTS = YES;
				CLANG_WARN_EMPTY_BODY = YES;
				CLANG_WARN_ENUM_CONVERSION = YES;
				CLANG_WARN_INFINITE_RECURSION = YES;
				CLANG_WARN_INT_CONVERSION = YES;
				CLANG_WARN_NON_LITERAL_NULL_CONVERSION = YES;
				CLANG_WARN_OBJC_IMPLICIT_RETAIN_SELF = YES;
				CLANG_WARN_OBJC_LITERAL_CONVERSION = YES;
				CLANG_WARN_OBJC_ROOT_CLASS = YES_ERROR;
				CLANG_WARN_QUOTED_INCLUDE_IN_FRAMEWORK_HEADER = YES;
				CLANG_WARN_RANGE_LOOP_ANALYSIS = YES;
				CLANG_WARN_STRICT_PROTOTYPES = YES;
				CLANG_WARN_SUSPICIOUS_MOVE = YES;
				CLANG_WARN_UNGUARDED_AVAILABILITY = YES_AGGRESSIVE;
				CLANG_WARN_UNREACHABLE_CODE = YES;
				CLANG_WARN__DUPLICATE_METHOD_MATCH = YES;
				COPY_PHASE_STRIP = NO;
				DEBUG_INFORMATION_FORMAT = "dwarf-with-dsym";
				ENABLE_NS_ASSERTIONS = NO;
				ENABLE_STRICT_OBJC_MSGSEND = YES;
				GCC_C_LANGUAGE_STANDARD = gnu11;
				GCC_NO_COMMON_BLOCKS = YES;
				GCC_WARN_64_TO_32_BIT_CONVERSION = YES;
				GCC_WARN_ABOUT_RETURN_TYPE = YES_ERROR;
				GCC_WARN_UNDECLARED_SELECTOR = YES;
				GCC_WARN_UNINITIALIZED_AUTOS = YES_AGGRESSIVE;
				GCC_WARN_UNUSED_FUNCTION = YES;
				GCC_WARN_UNUSED_VARIABLE = YES;
				IPHONEOS_DEPLOYMENT_TARGET = 14.5;
				MTL_ENABLE_DEBUG_INFO = NO;
				MTL_FAST_MATH = YES;
				SDKROOT = iphoneos;
				SWIFT_COMPILATION_MODE = wholemodule;
				SWIFT_OPTIMIZATION_LEVEL = "-O";
				VALIDATE_PRODUCT = YES;
			};
			name = Release;
		};
		CE934DA326BB36D70013D899 /* Debug */ = {
			isa = XCBuildConfiguration;
			buildSettings = {
				ASSETCATALOG_COMPILER_APPICON_NAME = AppIcon;
				ASSETCATALOG_COMPILER_GLOBAL_ACCENT_COLOR_NAME = AccentColor;
				CODE_SIGN_STYLE = Automatic;
				DEVELOPMENT_TEAM = ZA83NQTRTV;
				INFOPLIST_FILE = SeachCocktails/Resources/Info.plist;
				LD_RUNPATH_SEARCH_PATHS = (
					"$(inherited)",
					"@executable_path/Frameworks",
				);
				PRODUCT_BUNDLE_IDENTIFIER = com.NevanBingham.SeachCocktails;
				PRODUCT_NAME = "$(TARGET_NAME)";
				SWIFT_VERSION = 5.0;
				TARGETED_DEVICE_FAMILY = "1,2";
			};
			name = Debug;
		};
		CE934DA426BB36D70013D899 /* Release */ = {
			isa = XCBuildConfiguration;
			buildSettings = {
				ASSETCATALOG_COMPILER_APPICON_NAME = AppIcon;
				ASSETCATALOG_COMPILER_GLOBAL_ACCENT_COLOR_NAME = AccentColor;
				CODE_SIGN_STYLE = Automatic;
				DEVELOPMENT_TEAM = ZA83NQTRTV;
				INFOPLIST_FILE = SeachCocktails/Resources/Info.plist;
				LD_RUNPATH_SEARCH_PATHS = (
					"$(inherited)",
					"@executable_path/Frameworks",
				);
				PRODUCT_BUNDLE_IDENTIFIER = com.NevanBingham.SeachCocktails;
				PRODUCT_NAME = "$(TARGET_NAME)";
				SWIFT_VERSION = 5.0;
				TARGETED_DEVICE_FAMILY = "1,2";
			};
			name = Release;
		};
/* End XCBuildConfiguration section */

/* Begin XCConfigurationList section */
		CE934D8926BB36D60013D899 /* Build configuration list for PBXProject "SeachCocktails" */ = {
			isa = XCConfigurationList;
			buildConfigurations = (
				CE934DA026BB36D70013D899 /* Debug */,
				CE934DA126BB36D70013D899 /* Release */,
			);
			defaultConfigurationIsVisible = 0;
			defaultConfigurationName = Release;
		};
		CE934DA226BB36D70013D899 /* Build configuration list for PBXNativeTarget "SeachCocktails" */ = {
			isa = XCConfigurationList;
			buildConfigurations = (
				CE934DA326BB36D70013D899 /* Debug */,
				CE934DA426BB36D70013D899 /* Release */,
			);
			defaultConfigurationIsVisible = 0;
			defaultConfigurationName = Release;
		};
/* End XCConfigurationList section */
	};
	rootObject = CE934D8626BB36D60013D899 /* Project object */;
}
